
Microsoft Visual Studio Solution File, Format Version 12.00
# Visual Studio 14
VisualStudioVersion = 14.0.25420.1
MinimumVisualStudioVersion = 10.0.40219.1
Project("{8BC9CEB8-8B4A-11D0-8D11-00A0C91BC942}") = "Project_Euler", "Project_Euler\Project_Euler.vcxproj", "{2304AC2E-785C-46E9-88BC-7F1A35848007}"
EndProject
Project("{8BC9CEB8-8B4A-11D0-8D11-00A0C91BC942}") = "Problem_1", "Problem_1\Problem_1.vcxproj", "{01855C8A-06E9-4F12-A66D-D738E90A467E}"
EndProject
Project("{8BC9CEB8-8B4A-11D0-8D11-00A0C91BC942}") = "Problem_2", "Problem_2\Problem_2.vcxproj", "{0A18522B-A3AA-4B6A-B654-709BC4E8C360}"
EndProject
Project("{8BC9CEB8-8B4A-11D0-8D11-00A0C91BC942}") = "Problem_3", "Problem_3\Problem_3.vcxproj", "{C03F0E37-A76C-4BD2-B400-D2E3112F99AB}"
EndProject
Project("{8BC9CEB8-8B4A-11D0-8D11-00A0C91BC942}") = "Problem_4", "Problem_4\Problem_4.vcxproj", "{6AC6D490-A87B-4EE5-9189-84A0D5A06CAB}"
EndProject
Project("{8BC9CEB8-8B4A-11D0-8D11-00A0C91BC942}") = "Problem_5", "Problem_5\Problem_5.vcxproj", "{FEAF7602-7678-4E1E-929E-E30D687B140B}"
EndProject
Project("{8BC9CEB8-8B4A-11D0-8D11-00A0C91BC942}") = "Problem_6", "Problem_6\Problem_6.vcxproj", "{0862848E-3A0B-4F86-880F-2939842791B0}"
EndProject
Project("{8BC9CEB8-8B4A-11D0-8D11-00A0C91BC942}") = "Problem_7", "Problem_7\Problem_7.vcxproj", "{C40466BF-9D80-436B-881B-8F029DC1EAA9}"
EndProject
Project("{8BC9CEB8-8B4A-11D0-8D11-00A0C91BC942}") = "Problem_8", "Problem_8\Problem_8.vcxproj", "{1C62D3D7-91A4-4D51-A9AC-14600E544867}"
EndProject
Project("{8BC9CEB8-8B4A-11D0-8D11-00A0C91BC942}") = "Problem_9", "Problem_9\Problem_9.vcxproj", "{0339F90D-1C0D-4AC2-8859-2384F5F08F6B}"
EndProject
Global
	GlobalSection(SolutionConfigurationPlatforms) = preSolution
		Debug|x64 = Debug|x64
		Debug|x86 = Debug|x86
		Release|x64 = Release|x64
		Release|x86 = Release|x86
	EndGlobalSection
	GlobalSection(ProjectConfigurationPlatforms) = postSolution
		{2304AC2E-785C-46E9-88BC-7F1A35848007}.Debug|x64.ActiveCfg = Debug|x64
		{2304AC2E-785C-46E9-88BC-7F1A35848007}.Debug|x64.Build.0 = Debug|x64
		{2304AC2E-785C-46E9-88BC-7F1A35848007}.Debug|x86.ActiveCfg = Debug|Win32
		{2304AC2E-785C-46E9-88BC-7F1A35848007}.Debug|x86.Build.0 = Debug|Win32
		{2304AC2E-785C-46E9-88BC-7F1A35848007}.Release|x64.ActiveCfg = Release|x64
		{2304AC2E-785C-46E9-88BC-7F1A35848007}.Release|x64.Build.0 = Release|x64
		{2304AC2E-785C-46E9-88BC-7F1A35848007}.Release|x86.ActiveCfg = Release|Win32
		{2304AC2E-785C-46E9-88BC-7F1A35848007}.Release|x86.Build.0 = Release|Win32
		{01855C8A-06E9-4F12-A66D-D738E90A467E}.Debug|x64.ActiveCfg = Debug|x64
		{01855C8A-06E9-4F12-A66D-D738E90A467E}.Debug|x64.Build.0 = Debug|x64
		{01855C8A-06E9-4F12-A66D-D738E90A467E}.Debug|x86.ActiveCfg = Debug|Win32
		{01855C8A-06E9-4F12-A66D-D738E90A467E}.Debug|x86.Build.0 = Debug|Win32
		{01855C8A-06E9-4F12-A66D-D738E90A467E}.Release|x64.ActiveCfg = Release|x64
		{01855C8A-06E9-4F12-A66D-D738E90A467E}.Release|x64.Build.0 = Release|x64
		{01855C8A-06E9-4F12-A66D-D738E90A467E}.Release|x86.ActiveCfg = Release|Win32
		{01855C8A-06E9-4F12-A66D-D738E90A467E}.Release|x86.Build.0 = Release|Win32
		{0A18522B-A3AA-4B6A-B654-709BC4E8C360}.Debug|x64.ActiveCfg = Debug|x64
		{0A18522B-A3AA-4B6A-B654-709BC4E8C360}.Debug|x64.Build.0 = Debug|x64
		{0A18522B-A3AA-4B6A-B654-709BC4E8C360}.Debug|x86.ActiveCfg = Debug|Win32
		{0A18522B-A3AA-4B6A-B654-709BC4E8C360}.Debug|x86.Build.0 = Debug|Win32
		{0A18522B-A3AA-4B6A-B654-709BC4E8C360}.Release|x64.ActiveCfg = Release|x64
		{0A18522B-A3AA-4B6A-B654-709BC4E8C360}.Release|x64.Build.0 = Release|x64
		{0A18522B-A3AA-4B6A-B654-709BC4E8C360}.Release|x86.ActiveCfg = Release|Win32
		{0A18522B-A3AA-4B6A-B654-709BC4E8C360}.Release|x86.Build.0 = Release|Win32
		{C03F0E37-A76C-4BD2-B400-D2E3112F99AB}.Debug|x64.ActiveCfg = Debug|x64
		{C03F0E37-A76C-4BD2-B400-D2E3112F99AB}.Debug|x64.Build.0 = Debug|x64
		{C03F0E37-A76C-4BD2-B400-D2E3112F99AB}.Debug|x86.ActiveCfg = Debug|Win32
		{C03F0E37-A76C-4BD2-B400-D2E3112F99AB}.Debug|x86.Build.0 = Debug|Win32
		{C03F0E37-A76C-4BD2-B400-D2E3112F99AB}.Release|x64.ActiveCfg = Release|x64
		{C03F0E37-A76C-4BD2-B400-D2E3112F99AB}.Release|x64.Build.0 = Release|x64
		{C03F0E37-A76C-4BD2-B400-D2E3112F99AB}.Release|x86.ActiveCfg = Release|Win32
		{C03F0E37-A76C-4BD2-B400-D2E3112F99AB}.Release|x86.Build.0 = Release|Win32
		{6AC6D490-A87B-4EE5-9189-84A0D5A06CAB}.Debug|x64.ActiveCfg = Debug|x64
		{6AC6D490-A87B-4EE5-9189-84A0D5A06CAB}.Debug|x64.Build.0 = Debug|x64
		{6AC6D490-A87B-4EE5-9189-84A0D5A06CAB}.Debug|x86.ActiveCfg = Debug|Win32
		{6AC6D490-A87B-4EE5-9189-84A0D5A06CAB}.Debug|x86.Build.0 = Debug|Win32
		{6AC6D490-A87B-4EE5-9189-84A0D5A06CAB}.Release|x64.ActiveCfg = Release|x64
		{6AC6D490-A87B-4EE5-9189-84A0D5A06CAB}.Release|x64.Build.0 = Release|x64
		{6AC6D490-A87B-4EE5-9189-84A0D5A06CAB}.Release|x86.ActiveCfg = Release|Win32
		{6AC6D490-A87B-4EE5-9189-84A0D5A06CAB}.Release|x86.Build.0 = Release|Win32
		{FEAF7602-7678-4E1E-929E-E30D687B140B}.Debug|x64.ActiveCfg = Debug|x64
		{FEAF7602-7678-4E1E-929E-E30D687B140B}.Debug|x64.Build.0 = Debug|x64
		{FEAF7602-7678-4E1E-929E-E30D687B140B}.Debug|x86.ActiveCfg = Debug|Win32
		{FEAF7602-7678-4E1E-929E-E30D687B140B}.Debug|x86.Build.0 = Debug|Win32
		{FEAF7602-7678-4E1E-929E-E30D687B140B}.Release|x64.ActiveCfg = Release|x64
		{FEAF7602-7678-4E1E-929E-E30D687B140B}.Release|x64.Build.0 = Release|x64
		{FEAF7602-7678-4E1E-929E-E30D687B140B}.Release|x86.ActiveCfg = Release|Win32
		{FEAF7602-7678-4E1E-929E-E30D687B140B}.Release|x86.Build.0 = Release|Win32
		{0862848E-3A0B-4F86-880F-2939842791B0}.Debug|x64.ActiveCfg = Debug|x64
		{0862848E-3A0B-4F86-880F-2939842791B0}.Debug|x64.Build.0 = Debug|x64
		{0862848E-3A0B-4F86-880F-2939842791B0}.Debug|x86.ActiveCfg = Debug|Win32
		{0862848E-3A0B-4F86-880F-2939842791B0}.Debug|x86.Build.0 = Debug|Win32
		{0862848E-3A0B-4F86-880F-2939842791B0}.Release|x64.ActiveCfg = Release|x64
		{0862848E-3A0B-4F86-880F-2939842791B0}.Release|x64.Build.0 = Release|x64
		{0862848E-3A0B-4F86-880F-2939842791B0}.Release|x86.ActiveCfg = Release|Win32
		{0862848E-3A0B-4F86-880F-2939842791B0}.Release|x86.Build.0 = Release|Win32
		{C40466BF-9D80-436B-881B-8F029DC1EAA9}.Debug|x64.ActiveCfg = Debug|x64
		{C40466BF-9D80-436B-881B-8F029DC1EAA9}.Debug|x64.Build.0 = Debug|x64
		{C40466BF-9D80-436B-881B-8F029DC1EAA9}.Debug|x86.ActiveCfg = Debug|Win32
		{C40466BF-9D80-436B-881B-8F029DC1EAA9}.Debug|x86.Build.0 = Debug|Win32
		{C40466BF-9D80-436B-881B-8F029DC1EAA9}.Release|x64.ActiveCfg = Release|x64
		{C40466BF-9D80-436B-881B-8F029DC1EAA9}.Release|x64.Build.0 = Release|x64
		{C40466BF-9D80-436B-881B-8F029DC1EAA9}.Release|x86.ActiveCfg = Release|Win32
		{C40466BF-9D80-436B-881B-8F029DC1EAA9}.Release|x86.Build.0 = Release|Win32
		{1C62D3D7-91A4-4D51-A9AC-14600E544867}.Debug|x64.ActiveCfg = Debug|x64
		{1C62D3D7-91A4-4D51-A9AC-14600E544867}.Debug|x64.Build.0 = Debug|x64
		{1C62D3D7-91A4-4D51-A9AC-14600E544867}.Debug|x86.ActiveCfg = Debug|Win32
		{1C62D3D7-91A4-4D51-A9AC-14600E544867}.Debug|x86.Build.0 = Debug|Win32
		{1C62D3D7-91A4-4D51-A9AC-14600E544867}.Release|x64.ActiveCfg = Release|x64
		{1C62D3D7-91A4-4D51-A9AC-14600E544867}.Release|x64.Build.0 = Release|x64
		{1C62D3D7-91A4-4D51-A9AC-14600E544867}.Release|x86.ActiveCfg = Release|Win32
		{1C62D3D7-91A4-4D51-A9AC-14600E544867}.Release|x86.Build.0 = Release|Win32
		{0339F90D-1C0D-4AC2-8859-2384F5F08F6B}.Debug|x64.ActiveCfg = Debug|x64
		{0339F90D-1C0D-4AC2-8859-2384F5F08F6B}.Debug|x64.Build.0 = Debug|x64
		{0339F90D-1C0D-4AC2-8859-2384F5F08F6B}.Debug|x86.ActiveCfg = Debug|Win32
		{0339F90D-1C0D-4AC2-8859-2384F5F08F6B}.Debug|x86.Build.0 = Debug|Win32
		{0339F90D-1C0D-4AC2-8859-2384F5F08F6B}.Release|x64.ActiveCfg = Release|x64
		{0339F90D-1C0D-4AC2-8859-2384F5F08F6B}.Release|x64.Build.0 = Release|x64
		{0339F90D-1C0D-4AC2-8859-2384F5F08F6B}.Release|x86.ActiveCfg = Release|Win32
		{0339F90D-1C0D-4AC2-8859-2384F5F08F6B}.Release|x86.Build.0 = Release|Win32
	EndGlobalSection
	GlobalSection(SolutionProperties) = preSolution
		HideSolutionNode = FALSE
	EndGlobalSection
EndGlobal
